
Microsoft Visual Studio Solution File, Format Version 12.00
# Visual Studio 15
VisualStudioVersion = 15.0.28307.421
MinimumVisualStudioVersion = 10.0.40219.1
Project("{FAE04EC0-301F-11D3-BF4B-00C04F79EFBC}") = "Task1", "Task1\Task1.csproj", "{A629A7E5-7380-4309-AE0D-C352974205B5}"
EndProject
Project("{FAE04EC0-301F-11D3-BF4B-00C04F79EFBC}") = "Task2", "Task2\Task2.csproj", "{6DB21B18-6A5B-41EB-9330-652FEB5B3897}"
EndProject
Project("{FAE04EC0-301F-11D3-BF4B-00C04F79EFBC}") = "Task3", "Task3\Task3.csproj", "{E5851DA3-19ED-47F4-BA54-B505D4A2B90A}"
EndProject
Project("{FAE04EC0-301F-11D3-BF4B-00C04F79EFBC}") = "Task4", "Task4\Task4.csproj", "{350371D0-2ECA-44D8-BB83-638C9D85DB7D}"
EndProject
Project("{FAE04EC0-301F-11D3-BF4B-00C04F79EFBC}") = "Task5", "Task5\Task5.csproj", "{6836E74C-1DC5-407A-A68E-C10D561709A4}"
EndProject
Global
	GlobalSection(SolutionConfigurationPlatforms) = preSolution
		Debug|Any CPU = Debug|Any CPU
		Release|Any CPU = Release|Any CPU
	EndGlobalSection
	GlobalSection(ProjectConfigurationPlatforms) = postSolution
		{A629A7E5-7380-4309-AE0D-C352974205B5}.Debug|Any CPU.ActiveCfg = Debug|Any CPU
		{A629A7E5-7380-4309-AE0D-C352974205B5}.Debug|Any CPU.Build.0 = Debug|Any CPU
		{A629A7E5-7380-4309-AE0D-C352974205B5}.Release|Any CPU.ActiveCfg = Release|Any CPU
		{A629A7E5-7380-4309-AE0D-C352974205B5}.Release|Any CPU.Build.0 = Release|Any CPU
		{6DB21B18-6A5B-41EB-9330-652FEB5B3897}.Debug|Any CPU.ActiveCfg = Debug|Any CPU
		{6DB21B18-6A5B-41EB-9330-652FEB5B3897}.Debug|Any CPU.Build.0 = Debug|Any CPU
		{6DB21B18-6A5B-41EB-9330-652FEB5B3897}.Release|Any CPU.ActiveCfg = Release|Any CPU
		{6DB21B18-6A5B-41EB-9330-652FEB5B3897}.Release|Any CPU.Build.0 = Release|Any CPU
		{E5851DA3-19ED-47F4-BA54-B505D4A2B90A}.Debug|Any CPU.ActiveCfg = Debug|Any CPU
		{E5851DA3-19ED-47F4-BA54-B505D4A2B90A}.Debug|Any CPU.Build.0 = Debug|Any CPU
		{E5851DA3-19ED-47F4-BA54-B505D4A2B90A}.Release|Any CPU.ActiveCfg = Release|Any CPU
		{E5851DA3-19ED-47F4-BA54-B505D4A2B90A}.Release|Any CPU.Build.0 = Release|Any CPU
		{350371D0-2ECA-44D8-BB83-638C9D85DB7D}.Debug|Any CPU.ActiveCfg = Debug|Any CPU
		{350371D0-2ECA-44D8-BB83-638C9D85DB7D}.Debug|Any CPU.Build.0 = Debug|Any CPU
		{350371D0-2ECA-44D8-BB83-638C9D85DB7D}.Release|Any CPU.ActiveCfg = Release|Any CPU
		{350371D0-2ECA-44D8-BB83-638C9D85DB7D}.Release|Any CPU.Build.0 = Release|Any CPU
		{6836E74C-1DC5-407A-A68E-C10D561709A4}.Debug|Any CPU.ActiveCfg = Debug|Any CPU
		{6836E74C-1DC5-407A-A68E-C10D561709A4}.Debug|Any CPU.Build.0 = Debug|Any CPU
		{6836E74C-1DC5-407A-A68E-C10D561709A4}.Release|Any CPU.ActiveCfg = Release|Any CPU
		{6836E74C-1DC5-407A-A68E-C10D561709A4}.Release|Any CPU.Build.0 = Release|Any CPU
	EndGlobalSection
	GlobalSection(SolutionProperties) = preSolution
		HideSolutionNode = FALSE
	EndGlobalSection
	GlobalSection(ExtensibilityGlobals) = postSolution
		SolutionGuid = {424970BC-9D65-4BA4-9B3D-389B61E19C14}
	EndGlobalSection
EndGlobal
